// !$*UTF8*$!
{
	archiveVersion = 1;
	classes = {
	};
	objectVersion = 46;
	objects = {

/* Begin PBXBuildFile section */
		52E65D521F9725010032BEB5 /* Animator.swift in Sources */ = {isa = PBXBuildFile; fileRef = 52E65D511F9725010032BEB5 /* Animator.swift */; };
		D72A98D41F8CA26A005B4D13 /* UIDevice+ScreenType.swift in Sources */ = {isa = PBXBuildFile; fileRef = D72A98D31F8CA26A005B4D13 /* UIDevice+ScreenType.swift */; };
		D7D8BB741F8BB67E00856654 /* PaddedLabel.swift in Sources */ = {isa = PBXBuildFile; fileRef = D7D8BB731F8BB67E00856654 /* PaddedLabel.swift */; };
		D7D9DAB31F8D11EE00260E47 /* ImageDetailViewController.swift in Sources */ = {isa = PBXBuildFile; fileRef = D7D9DAB21F8D11EE00260E47 /* ImageDetailViewController.swift */; };
		D7D9DAB61F8D334F00260E47 /* ImageScrollView.swift in Sources */ = {isa = PBXBuildFile; fileRef = D7D9DAB51F8D334F00260E47 /* ImageScrollView.swift */; };
		D7D9DAB81F8D356800260E47 /* ZoomTransitioningDelegate.swift in Sources */ = {isa = PBXBuildFile; fileRef = D7D9DAB71F8D356800260E47 /* ZoomTransitioningDelegate.swift */; };
		D7EAD4E61F84D48000A4A9C7 /* CommonExtensions.swift in Sources */ = {isa = PBXBuildFile; fileRef = D7EAD4E21F84D47F00A4A9C7 /* CommonExtensions.swift */; };
		D7EAD4E71F84D48000A4A9C7 /* GPS.swift in Sources */ = {isa = PBXBuildFile; fileRef = D7EAD4E31F84D47F00A4A9C7 /* GPS.swift */; };
		D7EAD4E81F84D48000A4A9C7 /* Networking.swift in Sources */ = {isa = PBXBuildFile; fileRef = D7EAD4E41F84D47F00A4A9C7 /* Networking.swift */; };
		D7EAD4E91F84D48000A4A9C7 /* SMHIAPI.swift in Sources */ = {isa = PBXBuildFile; fileRef = D7EAD4E51F84D47F00A4A9C7 /* SMHIAPI.swift */; };
		D7EAD4ED1F84D4BB00A4A9C7 /* Clothing.swift in Sources */ = {isa = PBXBuildFile; fileRef = D7EAD4EB1F84D4BB00A4A9C7 /* Clothing.swift */; };
		D7EAD4EE1F84D4BB00A4A9C7 /* WeatherImage.swift in Sources */ = {isa = PBXBuildFile; fileRef = D7EAD4EC1F84D4BB00A4A9C7 /* WeatherImage.swift */; };
		D7EAD4F31F84D51B00A4A9C7 /* ParticleAnimation.swift in Sources */ = {isa = PBXBuildFile; fileRef = D7EAD4F01F84D51B00A4A9C7 /* ParticleAnimation.swift */; };
		D7EAD4F41F84D51B00A4A9C7 /* ThunderAnimation.swift in Sources */ = {isa = PBXBuildFile; fileRef = D7EAD4F11F84D51B00A4A9C7 /* ThunderAnimation.swift */; };
		D7EAD4F51F84D51B00A4A9C7 /* WeatherAnimation.swift in Sources */ = {isa = PBXBuildFile; fileRef = D7EAD4F21F84D51B00A4A9C7 /* WeatherAnimation.swift */; };
		D7EAD50D1F84D52000A4A9C7 /* MainViewController.swift in Sources */ = {isa = PBXBuildFile; fileRef = D7EAD5001F84D52000A4A9C7 /* MainViewController.swift */; };
		D7EAD5161F84D63300A4A9C7 /* ClothesEnumeration.swift in Sources */ = {isa = PBXBuildFile; fileRef = D7EAD5151F84D63300A4A9C7 /* ClothesEnumeration.swift */; };
		D7EAD5191F84D66300A4A9C7 /* Constants.swift in Sources */ = {isa = PBXBuildFile; fileRef = D7EAD5181F84D66300A4A9C7 /* Constants.swift */; };
		D7EAD51B1F84DD4A00A4A9C7 /* ImagesViewController.swift in Sources */ = {isa = PBXBuildFile; fileRef = D7EAD51A1F84DD4A00A4A9C7 /* ImagesViewController.swift */; };
		D7EAD51D1F84E4BC00A4A9C7 /* ImagesCollectionViewCell.swift in Sources */ = {isa = PBXBuildFile; fileRef = D7EAD51C1F84E4BC00A4A9C7 /* ImagesCollectionViewCell.swift */; };
		D7EAD51F1F84E58900A4A9C7 /* ImageTableViewCell.swift in Sources */ = {isa = PBXBuildFile; fileRef = D7EAD51E1F84E58900A4A9C7 /* ImageTableViewCell.swift */; };
		DA4A90AF1DC733E500636ED1 /* AppDelegate.swift in Sources */ = {isa = PBXBuildFile; fileRef = DA4A90AE1DC733E500636ED1 /* AppDelegate.swift */; };
		DA4A90B41DC733E500636ED1 /* Main.storyboard in Resources */ = {isa = PBXBuildFile; fileRef = DA4A90B21DC733E500636ED1 /* Main.storyboard */; };
		DA4A90B61DC733E500636ED1 /* Assets.xcassets in Resources */ = {isa = PBXBuildFile; fileRef = DA4A90B51DC733E500636ED1 /* Assets.xcassets */; };
		DA4A90B91DC733E500636ED1 /* LaunchScreen.storyboard in Resources */ = {isa = PBXBuildFile; fileRef = DA4A90B71DC733E500636ED1 /* LaunchScreen.storyboard */; };
/* End PBXBuildFile section */

/* Begin PBXFileReference section */
		52E65D511F9725010032BEB5 /* Animator.swift */ = {isa = PBXFileReference; lastKnownFileType = sourcecode.swift; path = Animator.swift; sourceTree = "<group>"; };
		D72A98D31F8CA26A005B4D13 /* UIDevice+ScreenType.swift */ = {isa = PBXFileReference; lastKnownFileType = sourcecode.swift; path = "UIDevice+ScreenType.swift"; sourceTree = "<group>"; };
		D7D8BB731F8BB67E00856654 /* PaddedLabel.swift */ = {isa = PBXFileReference; lastKnownFileType = sourcecode.swift; path = PaddedLabel.swift; sourceTree = "<group>"; };
		D7D9DAB21F8D11EE00260E47 /* ImageDetailViewController.swift */ = {isa = PBXFileReference; lastKnownFileType = sourcecode.swift; path = ImageDetailViewController.swift; sourceTree = "<group>"; };
		D7D9DAB51F8D334F00260E47 /* ImageScrollView.swift */ = {isa = PBXFileReference; lastKnownFileType = sourcecode.swift; path = ImageScrollView.swift; sourceTree = "<group>"; };
		D7D9DAB71F8D356800260E47 /* ZoomTransitioningDelegate.swift */ = {isa = PBXFileReference; lastKnownFileType = sourcecode.swift; path = ZoomTransitioningDelegate.swift; sourceTree = "<group>"; };
		D7EAD4E21F84D47F00A4A9C7 /* CommonExtensions.swift */ = {isa = PBXFileReference; fileEncoding = 4; lastKnownFileType = sourcecode.swift; path = CommonExtensions.swift; sourceTree = "<group>"; };
		D7EAD4E31F84D47F00A4A9C7 /* GPS.swift */ = {isa = PBXFileReference; fileEncoding = 4; lastKnownFileType = sourcecode.swift; path = GPS.swift; sourceTree = "<group>"; };
		D7EAD4E41F84D47F00A4A9C7 /* Networking.swift */ = {isa = PBXFileReference; fileEncoding = 4; lastKnownFileType = sourcecode.swift; path = Networking.swift; sourceTree = "<group>"; };
		D7EAD4E51F84D47F00A4A9C7 /* SMHIAPI.swift */ = {isa = PBXFileReference; fileEncoding = 4; lastKnownFileType = sourcecode.swift; path = SMHIAPI.swift; sourceTree = "<group>"; };
		D7EAD4EB1F84D4BB00A4A9C7 /* Clothing.swift */ = {isa = PBXFileReference; fileEncoding = 4; lastKnownFileType = sourcecode.swift; path = Clothing.swift; sourceTree = "<group>"; };
		D7EAD4EC1F84D4BB00A4A9C7 /* WeatherImage.swift */ = {isa = PBXFileReference; fileEncoding = 4; lastKnownFileType = sourcecode.swift; path = WeatherImage.swift; sourceTree = "<group>"; };
		D7EAD4F01F84D51B00A4A9C7 /* ParticleAnimation.swift */ = {isa = PBXFileReference; fileEncoding = 4; lastKnownFileType = sourcecode.swift; path = ParticleAnimation.swift; sourceTree = "<group>"; };
		D7EAD4F11F84D51B00A4A9C7 /* ThunderAnimation.swift */ = {isa = PBXFileReference; fileEncoding = 4; lastKnownFileType = sourcecode.swift; path = ThunderAnimation.swift; sourceTree = "<group>"; };
		D7EAD4F21F84D51B00A4A9C7 /* WeatherAnimation.swift */ = {isa = PBXFileReference; fileEncoding = 4; lastKnownFileType = sourcecode.swift; path = WeatherAnimation.swift; sourceTree = "<group>"; };
		D7EAD5001F84D52000A4A9C7 /* MainViewController.swift */ = {isa = PBXFileReference; fileEncoding = 4; lastKnownFileType = sourcecode.swift; path = MainViewController.swift; sourceTree = "<group>"; };
		D7EAD5151F84D63300A4A9C7 /* ClothesEnumeration.swift */ = {isa = PBXFileReference; fileEncoding = 4; lastKnownFileType = sourcecode.swift; path = ClothesEnumeration.swift; sourceTree = "<group>"; };
		D7EAD5181F84D66300A4A9C7 /* Constants.swift */ = {isa = PBXFileReference; fileEncoding = 4; lastKnownFileType = sourcecode.swift; path = Constants.swift; sourceTree = "<group>"; };
		D7EAD51A1F84DD4A00A4A9C7 /* ImagesViewController.swift */ = {isa = PBXFileReference; lastKnownFileType = sourcecode.swift; path = ImagesViewController.swift; sourceTree = "<group>"; };
		D7EAD51C1F84E4BC00A4A9C7 /* ImagesCollectionViewCell.swift */ = {isa = PBXFileReference; lastKnownFileType = sourcecode.swift; path = ImagesCollectionViewCell.swift; sourceTree = "<group>"; };
		D7EAD51E1F84E58900A4A9C7 /* ImageTableViewCell.swift */ = {isa = PBXFileReference; lastKnownFileType = sourcecode.swift; path = ImageTableViewCell.swift; sourceTree = "<group>"; };
		DA4A90AB1DC733E500636ED1 /* Kläder efter väder.app */ = {isa = PBXFileReference; explicitFileType = wrapper.application; includeInIndex = 0; path = "Kläder efter väder.app"; sourceTree = BUILT_PRODUCTS_DIR; };
		DA4A90AE1DC733E500636ED1 /* AppDelegate.swift */ = {isa = PBXFileReference; lastKnownFileType = sourcecode.swift; path = AppDelegate.swift; sourceTree = "<group>"; };
		DA4A90B31DC733E500636ED1 /* Base */ = {isa = PBXFileReference; lastKnownFileType = file.storyboard; name = Base; path = Base.lproj/Main.storyboard; sourceTree = "<group>"; };
		DA4A90B51DC733E500636ED1 /* Assets.xcassets */ = {isa = PBXFileReference; lastKnownFileType = folder.assetcatalog; path = Assets.xcassets; sourceTree = "<group>"; };
		DA4A90B81DC733E500636ED1 /* Base */ = {isa = PBXFileReference; lastKnownFileType = file.storyboard; name = Base; path = Base.lproj/LaunchScreen.storyboard; sourceTree = "<group>"; };
		DA4A90BA1DC733E500636ED1 /* Info.plist */ = {isa = PBXFileReference; lastKnownFileType = text.plist.xml; path = Info.plist; sourceTree = "<group>"; };
/* End PBXFileReference section */

/* Begin PBXFrameworksBuildPhase section */
		DA4A90A81DC733E500636ED1 /* Frameworks */ = {
			isa = PBXFrameworksBuildPhase;
			buildActionMask = 2147483647;
			files = (
			);
			runOnlyForDeploymentPostprocessing = 0;
		};
/* End PBXFrameworksBuildPhase section */

/* Begin PBXGroup section */
		D7B3B8091F8B747600D4BCE8 /* Other */ = {
			isa = PBXGroup;
			children = (
				D7EAD5181F84D66300A4A9C7 /* Constants.swift */,
				D72A98D31F8CA26A005B4D13 /* UIDevice+ScreenType.swift */,
			);
			path = Other;
			sourceTree = "<group>";
		};
		D7D9DAB41F8D332100260E47 /* Zooming */ = {
			isa = PBXGroup;
			children = (
				D7D9DAB51F8D334F00260E47 /* ImageScrollView.swift */,
				D7D9DAB71F8D356800260E47 /* ZoomTransitioningDelegate.swift */,
			);
			path = Zooming;
			sourceTree = "<group>";
		};
		D7D9DABB1F8D43CD00260E47 /* Transitions */ = {
			isa = PBXGroup;
			children = (
				52E65D511F9725010032BEB5 /* Animator.swift */,
			);
			path = Transitions;
			sourceTree = "<group>";
		};
		D7EAD4E11F84D47F00A4A9C7 /* API */ = {
			isa = PBXGroup;
			children = (
				D7EAD4E21F84D47F00A4A9C7 /* CommonExtensions.swift */,
				D7EAD4E31F84D47F00A4A9C7 /* GPS.swift */,
				D7EAD4E41F84D47F00A4A9C7 /* Networking.swift */,
				D7EAD4E51F84D47F00A4A9C7 /* SMHIAPI.swift */,
			);
			path = API;
			sourceTree = "<group>";
		};
		D7EAD4EA1F84D4BB00A4A9C7 /* ImageHandling */ = {
			isa = PBXGroup;
			children = (
				D7EAD4EB1F84D4BB00A4A9C7 /* Clothing.swift */,
				D7EAD4EC1F84D4BB00A4A9C7 /* WeatherImage.swift */,
			);
			path = ImageHandling;
			sourceTree = "<group>";
		};
		D7EAD4EF1F84D51B00A4A9C7 /* Animations */ = {
			isa = PBXGroup;
			children = (
				D7EAD4F01F84D51B00A4A9C7 /* ParticleAnimation.swift */,
				D7EAD4F11F84D51B00A4A9C7 /* ThunderAnimation.swift */,
				D7EAD4F21F84D51B00A4A9C7 /* WeatherAnimation.swift */,
			);
			path = Animations;
			sourceTree = "<group>";
		};
		D7EAD4F61F84D52000A4A9C7 /* ViewControllers */ = {
			isa = PBXGroup;
			children = (
				D7EAD5001F84D52000A4A9C7 /* MainViewController.swift */,
				D7EAD51A1F84DD4A00A4A9C7 /* ImagesViewController.swift */,
				D7EAD51C1F84E4BC00A4A9C7 /* ImagesCollectionViewCell.swift */,
				D7EAD51E1F84E58900A4A9C7 /* ImageTableViewCell.swift */,
				D7D9DAB21F8D11EE00260E47 /* ImageDetailViewController.swift */,
				D7D8BB731F8BB67E00856654 /* PaddedLabel.swift */,
			);
			path = ViewControllers;
			sourceTree = "<group>";
		};
		D7EAD5171F84D63C00A4A9C7 /* Models */ = {
			isa = PBXGroup;
			children = (
				D7EAD5151F84D63300A4A9C7 /* ClothesEnumeration.swift */,
			);
			path = Models;
			sourceTree = "<group>";
		};
		DA4A90A21DC733E500636ED1 = {
			isa = PBXGroup;
			children = (
				DA4A90AD1DC733E500636ED1 /* Kläder efter väder */,
				DA4A90AC1DC733E500636ED1 /* Products */,
			);
			sourceTree = "<group>";
		};
		DA4A90AC1DC733E500636ED1 /* Products */ = {
			isa = PBXGroup;
			children = (
				DA4A90AB1DC733E500636ED1 /* Kläder efter väder.app */,
			);
			name = Products;
			sourceTree = "<group>";
		};
		DA4A90AD1DC733E500636ED1 /* Kläder efter väder */ = {
			isa = PBXGroup;
			children = (
				DA4A90AE1DC733E500636ED1 /* AppDelegate.swift */,
				D7EAD4F61F84D52000A4A9C7 /* ViewControllers */,
				D7EAD4EF1F84D51B00A4A9C7 /* Animations */,
				D7EAD4E11F84D47F00A4A9C7 /* API */,
				D7EAD4EA1F84D4BB00A4A9C7 /* ImageHandling */,
				D7EAD5171F84D63C00A4A9C7 /* Models */,
				D7D9DABB1F8D43CD00260E47 /* Transitions */,
				D7D9DAB41F8D332100260E47 /* Zooming */,
				D7B3B8091F8B747600D4BCE8 /* Other */,
				DA4A90B21DC733E500636ED1 /* Main.storyboard */,
				DA4A90B51DC733E500636ED1 /* Assets.xcassets */,
				DA4A90B71DC733E500636ED1 /* LaunchScreen.storyboard */,
				DA4A90BA1DC733E500636ED1 /* Info.plist */,
			);
			path = "Kläder efter väder";
			sourceTree = "<group>";
		};
/* End PBXGroup section */

/* Begin PBXNativeTarget section */
		DA4A90AA1DC733E500636ED1 /* Kläder efter väder */ = {
			isa = PBXNativeTarget;
			buildConfigurationList = DA4A90BD1DC733E500636ED1 /* Build configuration list for PBXNativeTarget "Kläder efter väder" */;
			buildPhases = (
				DA4A90A71DC733E500636ED1 /* Sources */,
				DA4A90A81DC733E500636ED1 /* Frameworks */,
				DA4A90A91DC733E500636ED1 /* Resources */,
			);
			buildRules = (
			);
			dependencies = (
			);
			name = "Kläder efter väder";
			productName = "Kläder efter väder";
			productReference = DA4A90AB1DC733E500636ED1 /* Kläder efter väder.app */;
			productType = "com.apple.product-type.application";
		};
/* End PBXNativeTarget section */

/* Begin PBXProject section */
		DA4A90A31DC733E500636ED1 /* Project object */ = {
			isa = PBXProject;
			attributes = {
				LastSwiftUpdateCheck = 0810;
				LastUpgradeCheck = 0810;
				ORGANIZATIONNAME = Knowit;
				TargetAttributes = {
					DA4A90AA1DC733E500636ED1 = {
						CreatedOnToolsVersion = 8.1;
						DevelopmentTeam = GJCZ442875;
						LastSwiftMigration = 0900;
						ProvisioningStyle = Automatic;
					};
				};
			};
			buildConfigurationList = DA4A90A61DC733E500636ED1 /* Build configuration list for PBXProject "Kläder efter väder" */;
			compatibilityVersion = "Xcode 3.2";
			developmentRegion = English;
			hasScannedForEncodings = 0;
			knownRegions = (
				en,
				Base,
			);
			mainGroup = DA4A90A21DC733E500636ED1;
			productRefGroup = DA4A90AC1DC733E500636ED1 /* Products */;
			projectDirPath = "";
			projectRoot = "";
			targets = (
				DA4A90AA1DC733E500636ED1 /* Kläder efter väder */,
			);
		};
/* End PBXProject section */

/* Begin PBXResourcesBuildPhase section */
		DA4A90A91DC733E500636ED1 /* Resources */ = {
			isa = PBXResourcesBuildPhase;
			buildActionMask = 2147483647;
			files = (
				DA4A90B91DC733E500636ED1 /* LaunchScreen.storyboard in Resources */,
				DA4A90B61DC733E500636ED1 /* Assets.xcassets in Resources */,
				DA4A90B41DC733E500636ED1 /* Main.storyboard in Resources */,
			);
			runOnlyForDeploymentPostprocessing = 0;
		};
/* End PBXResourcesBuildPhase section */

/* Begin PBXSourcesBuildPhase section */
		DA4A90A71DC733E500636ED1 /* Sources */ = {
			isa = PBXSourcesBuildPhase;
			buildActionMask = 2147483647;
			files = (
				D7EAD5191F84D66300A4A9C7 /* Constants.swift in Sources */,
				D7EAD50D1F84D52000A4A9C7 /* MainViewController.swift in Sources */,
				D7D9DAB81F8D356800260E47 /* ZoomTransitioningDelegate.swift in Sources */,
				D7EAD4ED1F84D4BB00A4A9C7 /* Clothing.swift in Sources */,
				D7EAD4F41F84D51B00A4A9C7 /* ThunderAnimation.swift in Sources */,
				D7EAD4F51F84D51B00A4A9C7 /* WeatherAnimation.swift in Sources */,
				D7EAD51D1F84E4BC00A4A9C7 /* ImagesCollectionViewCell.swift in Sources */,
				DA4A90AF1DC733E500636ED1 /* AppDelegate.swift in Sources */,
				D7EAD4F31F84D51B00A4A9C7 /* ParticleAnimation.swift in Sources */,
				D7D9DAB31F8D11EE00260E47 /* ImageDetailViewController.swift in Sources */,
				D7EAD4E91F84D48000A4A9C7 /* SMHIAPI.swift in Sources */,
				D7EAD51F1F84E58900A4A9C7 /* ImageTableViewCell.swift in Sources */,
				D7EAD4E61F84D48000A4A9C7 /* CommonExtensions.swift in Sources */,
				D72A98D41F8CA26A005B4D13 /* UIDevice+ScreenType.swift in Sources */,
				D7EAD5161F84D63300A4A9C7 /* ClothesEnumeration.swift in Sources */,
				D7EAD51B1F84DD4A00A4A9C7 /* ImagesViewController.swift in Sources */,
				D7D8BB741F8BB67E00856654 /* PaddedLabel.swift in Sources */,
				D7EAD4E71F84D48000A4A9C7 /* GPS.swift in Sources */,
				D7D9DAB61F8D334F00260E47 /* ImageScrollView.swift in Sources */,
				D7EAD4E81F84D48000A4A9C7 /* Networking.swift in Sources */,
				52E65D521F9725010032BEB5 /* Animator.swift in Sources */,
				D7EAD4EE1F84D4BB00A4A9C7 /* WeatherImage.swift in Sources */,
			);
			runOnlyForDeploymentPostprocessing = 0;
		};
/* End PBXSourcesBuildPhase section */

/* Begin PBXVariantGroup section */
		DA4A90B21DC733E500636ED1 /* Main.storyboard */ = {
			isa = PBXVariantGroup;
			children = (
				DA4A90B31DC733E500636ED1 /* Base */,
			);
			name = Main.storyboard;
			sourceTree = "<group>";
		};
		DA4A90B71DC733E500636ED1 /* LaunchScreen.storyboard */ = {
			isa = PBXVariantGroup;
			children = (
				DA4A90B81DC733E500636ED1 /* Base */,
			);
			name = LaunchScreen.storyboard;
			sourceTree = "<group>";
		};
/* End PBXVariantGroup section */

/* Begin XCBuildConfiguration section */
		DA4A90BB1DC733E500636ED1 /* Debug */ = {
			isa = XCBuildConfiguration;
			buildSettings = {
				ALWAYS_SEARCH_USER_PATHS = NO;
				CLANG_ANALYZER_NONNULL = YES;
				CLANG_CXX_LANGUAGE_STANDARD = "gnu++0x";
				CLANG_CXX_LIBRARY = "libc++";
				CLANG_ENABLE_MODULES = YES;
				CLANG_ENABLE_OBJC_ARC = YES;
				CLANG_WARN_BOOL_CONVERSION = YES;
				CLANG_WARN_CONSTANT_CONVERSION = YES;
				CLANG_WARN_DIRECT_OBJC_ISA_USAGE = YES_ERROR;
				CLANG_WARN_DOCUMENTATION_COMMENTS = YES;
				CLANG_WARN_EMPTY_BODY = YES;
				CLANG_WARN_ENUM_CONVERSION = YES;
				CLANG_WARN_INFINITE_RECURSION = YES;
				CLANG_WARN_INT_CONVERSION = YES;
				CLANG_WARN_OBJC_ROOT_CLASS = YES_ERROR;
				CLANG_WARN_SUSPICIOUS_MOVES = YES;
				CLANG_WARN_UNREACHABLE_CODE = YES;
				CLANG_WARN__DUPLICATE_METHOD_MATCH = YES;
				"CODE_SIGN_IDENTITY[sdk=iphoneos*]" = "iPhone Developer";
				COPY_PHASE_STRIP = NO;
				DEBUG_INFORMATION_FORMAT = dwarf;
				ENABLE_STRICT_OBJC_MSGSEND = YES;
				ENABLE_TESTABILITY = YES;
				GCC_C_LANGUAGE_STANDARD = gnu99;
				GCC_DYNAMIC_NO_PIC = NO;
				GCC_NO_COMMON_BLOCKS = YES;
				GCC_OPTIMIZATION_LEVEL = 0;
				GCC_PREPROCESSOR_DEFINITIONS = (
					"DEBUG=1",
					"$(inherited)",
				);
				GCC_WARN_64_TO_32_BIT_CONVERSION = YES;
				GCC_WARN_ABOUT_RETURN_TYPE = YES_ERROR;
				GCC_WARN_UNDECLARED_SELECTOR = YES;
				GCC_WARN_UNINITIALIZED_AUTOS = YES_AGGRESSIVE;
				GCC_WARN_UNUSED_FUNCTION = YES;
				GCC_WARN_UNUSED_VARIABLE = YES;
				IPHONEOS_DEPLOYMENT_TARGET = 9.0;
				MTL_ENABLE_DEBUG_INFO = YES;
				ONLY_ACTIVE_ARCH = YES;
				SDKROOT = iphoneos;
				SWIFT_ACTIVE_COMPILATION_CONDITIONS = DEBUG;
				SWIFT_OPTIMIZATION_LEVEL = "-Onone";
				SWIFT_VERSION = 3.0;
			};
			name = Debug;
		};
		DA4A90BC1DC733E500636ED1 /* Release */ = {
			isa = XCBuildConfiguration;
			buildSettings = {
				ALWAYS_SEARCH_USER_PATHS = NO;
				CLANG_ANALYZER_NONNULL = YES;
				CLANG_CXX_LANGUAGE_STANDARD = "gnu++0x";
				CLANG_CXX_LIBRARY = "libc++";
				CLANG_ENABLE_MODULES = YES;
				CLANG_ENABLE_OBJC_ARC = YES;
				CLANG_WARN_BOOL_CONVERSION = YES;
				CLANG_WARN_CONSTANT_CONVERSION = YES;
				CLANG_WARN_DIRECT_OBJC_ISA_USAGE = YES_ERROR;
				CLANG_WARN_DOCUMENTATION_COMMENTS = YES;
				CLANG_WARN_EMPTY_BODY = YES;
				CLANG_WARN_ENUM_CONVERSION = YES;
				CLANG_WARN_INFINITE_RECURSION = YES;
				CLANG_WARN_INT_CONVERSION = YES;
				CLANG_WARN_OBJC_ROOT_CLASS = YES_ERROR;
				CLANG_WARN_SUSPICIOUS_MOVES = YES;
				CLANG_WARN_UNREACHABLE_CODE = YES;
				CLANG_WARN__DUPLICATE_METHOD_MATCH = YES;
				"CODE_SIGN_IDENTITY[sdk=iphoneos*]" = "iPhone Developer";
				COPY_PHASE_STRIP = NO;
				DEBUG_INFORMATION_FORMAT = "dwarf-with-dsym";
				ENABLE_NS_ASSERTIONS = NO;
				ENABLE_STRICT_OBJC_MSGSEND = YES;
				GCC_C_LANGUAGE_STANDARD = gnu99;
				GCC_NO_COMMON_BLOCKS = YES;
				GCC_WARN_64_TO_32_BIT_CONVERSION = YES;
				GCC_WARN_ABOUT_RETURN_TYPE = YES_ERROR;
				GCC_WARN_UNDECLARED_SELECTOR = YES;
				GCC_WARN_UNINITIALIZED_AUTOS = YES_AGGRESSIVE;
				GCC_WARN_UNUSED_FUNCTION = YES;
				GCC_WARN_UNUSED_VARIABLE = YES;
				IPHONEOS_DEPLOYMENT_TARGET = 9.0;
				MTL_ENABLE_DEBUG_INFO = NO;
				SDKROOT = iphoneos;
				SWIFT_OPTIMIZATION_LEVEL = "-Owholemodule";
				SWIFT_VERSION = 3.0;
				VALIDATE_PRODUCT = YES;
			};
			name = Release;
		};
		DA4A90BE1DC733E500636ED1 /* Debug */ = {
			isa = XCBuildConfiguration;
			buildSettings = {
				ASSETCATALOG_COMPILER_APPICON_NAME = AppIcon;
				"CODE_SIGN_IDENTITY[sdk=iphoneos*]" = "iPhone Developer";
				CODE_SIGN_STYLE = Automatic;
				DEVELOPMENT_TEAM = GJCZ442875;
				INFOPLIST_FILE = "Kläder efter väder/Info.plist";
				IPHONEOS_DEPLOYMENT_TARGET = 9.0;
				LD_RUNPATH_SEARCH_PATHS = "$(inherited) @executable_path/Frameworks";
				PRODUCT_BUNDLE_IDENTIFIER = "com.knowit.Kla-der-efter-va-der";
				PRODUCT_NAME = "$(TARGET_NAME)";
				PROVISIONING_PROFILE_SPECIFIER = "";
				SWIFT_SWIFT3_OBJC_INFERENCE = On;
				SWIFT_VERSION = 3.0;
				TARGETED_DEVICE_FAMILY = "1,2";
			};
			name = Debug;
		};
		DA4A90BF1DC733E500636ED1 /* Release */ = {
			isa = XCBuildConfiguration;
			buildSettings = {
				ASSETCATALOG_COMPILER_APPICON_NAME = AppIcon;
				"CODE_SIGN_IDENTITY[sdk=iphoneos*]" = "iPhone Developer";
				CODE_SIGN_STYLE = Automatic;
				DEVELOPMENT_TEAM = GJCZ442875;
				INFOPLIST_FILE = "Kläder efter väder/Info.plist";
				IPHONEOS_DEPLOYMENT_TARGET = 9.0;
				LD_RUNPATH_SEARCH_PATHS = "$(inherited) @executable_path/Frameworks";
				PRODUCT_BUNDLE_IDENTIFIER = "com.knowit.Kla-der-efter-va-der";
				PRODUCT_NAME = "$(TARGET_NAME)";
				PROVISIONING_PROFILE_SPECIFIER = "";
				SWIFT_SWIFT3_OBJC_INFERENCE = On;
				SWIFT_VERSION = 3.0;
				TARGETED_DEVICE_FAMILY = "1,2";
			};
			name = Release;
		};
/* End XCBuildConfiguration section */

/* Begin XCConfigurationList section */
		DA4A90A61DC733E500636ED1 /* Build configuration list for PBXProject "Kläder efter väder" */ = {
			isa = XCConfigurationList;
			buildConfigurations = (
				DA4A90BB1DC733E500636ED1 /* Debug */,
				DA4A90BC1DC733E500636ED1 /* Release */,
			);
			defaultConfigurationIsVisible = 0;
			defaultConfigurationName = Release;
		};
		DA4A90BD1DC733E500636ED1 /* Build configuration list for PBXNativeTarget "Kläder efter väder" */ = {
			isa = XCConfigurationList;
			buildConfigurations = (
				DA4A90BE1DC733E500636ED1 /* Debug */,
				DA4A90BF1DC733E500636ED1 /* Release */,
			);
			defaultConfigurationIsVisible = 0;
			defaultConfigurationName = Release;
		};
/* End XCConfigurationList section */
	};
	rootObject = DA4A90A31DC733E500636ED1 /* Project object */;
}
